
Microsoft Visual Studio Solution File, Format Version 12.00
# Visual Studio Version 16
VisualStudioVersion = 16.0.34031.81
MinimumVisualStudioVersion = 10.0.40219.1
Project("{2150E333-8FDC-42A3-9474-1A3956D46DE8}") = "Task0", "Task0", "{23FEEFEA-1B06-413C-AC87-196DDB2A6AC5}"
EndProject
Project("{FAE04EC0-301F-11D3-BF4B-00C04F79EFBC}") = "Tyuiu.GoginMA.Sprint0.Task0.V0", "Tyuiu.GoginMA.Sprint0.Task0.V0\Tyuiu.GoginMA.Sprint0.Task0.V0.csproj", "{6CB0CBC7-9A83-4461-87CB-4BE6613E638D}"
EndProject
Project("{2150E333-8FDC-42A3-9474-1A3956D46DE8}") = "Task1", "Task1", "{D3823457-1CE1-4909-893C-659C8B630CD1}"
EndProject
Project("{FAE04EC0-301F-11D3-BF4B-00C04F79EFBC}") = "Tyuiu.GoginMA.Sprint0.Task1.V0", "Tyuiu.GoginMA.Sprint0.Task1.V0\Tyuiu.GoginMA.Sprint0.Task1.V0.csproj", "{F99E3D1B-25E0-4356-BBC4-E593745517D3}"
EndProject
Project("{2150E333-8FDC-42A3-9474-1A3956D46DE8}") = "Task2", "Task2", "{434CCF9A-53A2-4619-8771-4D9A28D23401}"
EndProject
Project("{FAE04EC0-301F-11D3-BF4B-00C04F79EFBC}") = "Tyuiu.GoginMA.Sprint0.Task2.V0", "Tyuiu.GoginMA.Sprint0.Task2.V0\Tyuiu.GoginMA.Sprint0.Task2.V0.csproj", "{DE7E0A72-8A48-4CA6-8CBC-3A4E9D698976}"
EndProject
Project("{FAE04EC0-301F-11D3-BF4B-00C04F79EFBC}") = "Tyuiu.GoginMA.Sprint0.Task2.V0.Lib", "Tyuiu.GoginMA.Sprint0.Task2.V0.Lib\Tyuiu.GoginMA.Sprint0.Task2.V0.Lib.csproj", "{8BB6ABE4-FE5C-42C8-9F72-37DF6874A625}"
EndProject
Project("{FAE04EC0-301F-11D3-BF4B-00C04F79EFBC}") = "Tyuiu.GoginMA.Sprint0.Task2.V0.Test", "Tyuiu.GoginMA.Sprint0.Task2.V0.Test\Tyuiu.GoginMA.Sprint0.Task2.V0.Test.csproj", "{0F7E821D-A286-4F3E-A6BE-6CE01243D7EF}"
EndProject
Project("{2150E333-8FDC-42A3-9474-1A3956D46DE8}") = "Task3", "Task3", "{E4E8D006-E40A-4ADC-81AB-2D9FC4BC2942}"
EndProject
Project("{FAE04EC0-301F-11D3-BF4B-00C04F79EFBC}") = "Tyuiu.GoginMA.Sprint0.Task3.V0", "Tyuiu.GoginMA.Sprint0.Task3.V0\Tyuiu.GoginMA.Sprint0.Task3.V0.csproj", "{8EF1BB0D-EBDE-494E-A662-F7AE9CB1930F}"
EndProject
Project("{FAE04EC0-301F-11D3-BF4B-00C04F79EFBC}") = "Tyuiu.GoginMA.Sprint0.Task3.V0.Lib", "Tyuiu.GoginMA.Sprint0.Task3.V0.Lib\Tyuiu.GoginMA.Sprint0.Task3.V0.Lib.csproj", "{1CCC0A27-25C3-4C55-B392-DEC0E90531BE}"
EndProject
Project("{FAE04EC0-301F-11D3-BF4B-00C04F79EFBC}") = "Tyuiu.GoginMA.Sprint0.Task3.V0.Test", "Tyuiu.GoginMA.Sprint0.Task3.V0.Test\Tyuiu.GoginMA.Sprint0.Task3.V0.Test.csproj", "{0D021D32-967F-43D8-8E60-D89A1522A937}"
EndProject
Project("{2150E333-8FDC-42A3-9474-1A3956D46DE8}") = "Task4", "Task4", "{08D7302B-B35F-456D-B180-78FA46C9A812}"
EndProject
Project("{FAE04EC0-301F-11D3-BF4B-00C04F79EFBC}") = "Tyuiu.GoginMA.Sprint0.Task4.V0", "Tyuiu.GoginMA.Sprint0.Task4.V0\Tyuiu.GoginMA.Sprint0.Task4.V0.csproj", "{D0673202-0536-493B-B20F-2AAA3276C020}"
EndProject
Project("{FAE04EC0-301F-11D3-BF4B-00C04F79EFBC}") = "Tyuiu.GoginMA.Sprint0.Task4.V0.Lib", "Tyuiu.GoginMA.Sprint0.Task4.V0.Lib\Tyuiu.GoginMA.Sprint0.Task4.V0.Lib.csproj", "{E8A4E2AC-D1FC-4400-B551-BB058BA2DF27}"
EndProject
Project("{FAE04EC0-301F-11D3-BF4B-00C04F79EFBC}") = "Tyuiu.GoginMA.Sprint0.Task4.V0.Test", "Tyuiu.GoginMA.Sprint0.Task4.V0.Test\Tyuiu.GoginMA.Sprint0.Task4.V0.Test.csproj", "{D973182E-D50D-4499-AD77-5C4D1AB3F76A}"
EndProject
Project("{2150E333-8FDC-42A3-9474-1A3956D46DE8}") = "Task5", "Task5", "{48C5C9F5-24C0-4404-8299-27E00D623874}"
EndProject
Project("{FAE04EC0-301F-11D3-BF4B-00C04F79EFBC}") = "Tyuiu.GoginMA.Sprint0.Task5.V0", "Tyuiu.GoginMA.Sprint0.Task5.V0\Tyuiu.GoginMA.Sprint0.Task5.V0.csproj", "{EA0034FC-4900-465F-ABF3-DE5DF1715E48}"
EndProject
Project("{FAE04EC0-301F-11D3-BF4B-00C04F79EFBC}") = "Tyuiu.GoginMA.Sprint0.Task5.V0.Lib", "Tyuiu.GoginMA.Sprint0.Task5.V0.Lib\Tyuiu.GoginMA.Sprint0.Task5.V0.Lib.csproj", "{B8DFDC04-6C20-466E-B6C7-865C21590F2F}"
EndProject
Project("{FAE04EC0-301F-11D3-BF4B-00C04F79EFBC}") = "Tyuiu.GoginMA.Sprint0.Task5.V0.Test", "Tyuiu.GoginMA.Sprint0.Task5.V0.Test\Tyuiu.GoginMA.Sprint0.Task5.V0.Test.csproj", "{83133000-5E36-4085-BC6D-DF572187D933}"
EndProject
Project("{2150E333-8FDC-42A3-9474-1A3956D46DE8}") = "Task6", "Task6", "{F0E0E5CE-82C2-4BE0-924D-825AC18FD1CE}"
EndProject
Project("{FAE04EC0-301F-11D3-BF4B-00C04F79EFBC}") = "Tyuiu.GoginMA.Sprint0.Task6.V0", "Tyuiu.GoginMA.Sprint0.Task6.V0\Tyuiu.GoginMA.Sprint0.Task6.V0.csproj", "{2833E839-1C9E-4B22-B342-02207FB267D5}"
EndProject
Project("{FAE04EC0-301F-11D3-BF4B-00C04F79EFBC}") = "Tyuiu.GoginMA.Sprint0.Task6.V0.Lib", "Tyuiu.GoginMA.Sprint0.Task6.V0.Lib\Tyuiu.GoginMA.Sprint0.Task6.V0.Lib.csproj", "{E390046E-2D68-4484-8679-9746B4FD7F33}"
EndProject
Project("{FAE04EC0-301F-11D3-BF4B-00C04F79EFBC}") = "Tyuiu.GoginMA.Sprint0.Task6.V0.Test", "Tyuiu.GoginMA.Sprint0.Task6.V0.Test\Tyuiu.GoginMA.Sprint0.Task6.V0.Test.csproj", "{2F212D11-F204-4685-9DD4-56B6EC617FB1}"
EndProject
Global
	GlobalSection(SolutionConfigurationPlatforms) = preSolution
		Debug|Any CPU = Debug|Any CPU
		Release|Any CPU = Release|Any CPU
	EndGlobalSection
	GlobalSection(ProjectConfigurationPlatforms) = postSolution
		{6CB0CBC7-9A83-4461-87CB-4BE6613E638D}.Debug|Any CPU.ActiveCfg = Debug|Any CPU
		{6CB0CBC7-9A83-4461-87CB-4BE6613E638D}.Debug|Any CPU.Build.0 = Debug|Any CPU
		{6CB0CBC7-9A83-4461-87CB-4BE6613E638D}.Release|Any CPU.ActiveCfg = Release|Any CPU
		{6CB0CBC7-9A83-4461-87CB-4BE6613E638D}.Release|Any CPU.Build.0 = Release|Any CPU
		{F99E3D1B-25E0-4356-BBC4-E593745517D3}.Debug|Any CPU.ActiveCfg = Debug|Any CPU
		{F99E3D1B-25E0-4356-BBC4-E593745517D3}.Debug|Any CPU.Build.0 = Debug|Any CPU
		{F99E3D1B-25E0-4356-BBC4-E593745517D3}.Release|Any CPU.ActiveCfg = Release|Any CPU
		{F99E3D1B-25E0-4356-BBC4-E593745517D3}.Release|Any CPU.Build.0 = Release|Any CPU
		{DE7E0A72-8A48-4CA6-8CBC-3A4E9D698976}.Debug|Any CPU.ActiveCfg = Debug|Any CPU
		{DE7E0A72-8A48-4CA6-8CBC-3A4E9D698976}.Debug|Any CPU.Build.0 = Debug|Any CPU
		{DE7E0A72-8A48-4CA6-8CBC-3A4E9D698976}.Release|Any CPU.ActiveCfg = Release|Any CPU
		{DE7E0A72-8A48-4CA6-8CBC-3A4E9D698976}.Release|Any CPU.Build.0 = Release|Any CPU
		{8BB6ABE4-FE5C-42C8-9F72-37DF6874A625}.Debug|Any CPU.ActiveCfg = Debug|Any CPU
		{8BB6ABE4-FE5C-42C8-9F72-37DF6874A625}.Debug|Any CPU.Build.0 = Debug|Any CPU
		{8BB6ABE4-FE5C-42C8-9F72-37DF6874A625}.Release|Any CPU.ActiveCfg = Release|Any CPU
		{8BB6ABE4-FE5C-42C8-9F72-37DF6874A625}.Release|Any CPU.Build.0 = Release|Any CPU
		{0F7E821D-A286-4F3E-A6BE-6CE01243D7EF}.Debug|Any CPU.ActiveCfg = Debug|Any CPU
		{0F7E821D-A286-4F3E-A6BE-6CE01243D7EF}.Debug|Any CPU.Build.0 = Debug|Any CPU
		{0F7E821D-A286-4F3E-A6BE-6CE01243D7EF}.Release|Any CPU.ActiveCfg = Release|Any CPU
		{0F7E821D-A286-4F3E-A6BE-6CE01243D7EF}.Release|Any CPU.Build.0 = Release|Any CPU
		{8EF1BB0D-EBDE-494E-A662-F7AE9CB1930F}.Debug|Any CPU.ActiveCfg = Debug|Any CPU
		{8EF1BB0D-EBDE-494E-A662-F7AE9CB1930F}.Debug|Any CPU.Build.0 = Debug|Any CPU
		{8EF1BB0D-EBDE-494E-A662-F7AE9CB1930F}.Release|Any CPU.ActiveCfg = Release|Any CPU
		{8EF1BB0D-EBDE-494E-A662-F7AE9CB1930F}.Release|Any CPU.Build.0 = Release|Any CPU
		{1CCC0A27-25C3-4C55-B392-DEC0E90531BE}.Debug|Any CPU.ActiveCfg = Debug|Any CPU
		{1CCC0A27-25C3-4C55-B392-DEC0E90531BE}.Debug|Any CPU.Build.0 = Debug|Any CPU
		{1CCC0A27-25C3-4C55-B392-DEC0E90531BE}.Release|Any CPU.ActiveCfg = Release|Any CPU
		{1CCC0A27-25C3-4C55-B392-DEC0E90531BE}.Release|Any CPU.Build.0 = Release|Any CPU
		{0D021D32-967F-43D8-8E60-D89A1522A937}.Debug|Any CPU.ActiveCfg = Debug|Any CPU
		{0D021D32-967F-43D8-8E60-D89A1522A937}.Debug|Any CPU.Build.0 = Debug|Any CPU
		{0D021D32-967F-43D8-8E60-D89A1522A937}.Release|Any CPU.ActiveCfg = Release|Any CPU
		{0D021D32-967F-43D8-8E60-D89A1522A937}.Release|Any CPU.Build.0 = Release|Any CPU
		{D0673202-0536-493B-B20F-2AAA3276C020}.Debug|Any CPU.ActiveCfg = Debug|Any CPU
		{D0673202-0536-493B-B20F-2AAA3276C020}.Debug|Any CPU.Build.0 = Debug|Any CPU
		{D0673202-0536-493B-B20F-2AAA3276C020}.Release|Any CPU.ActiveCfg = Release|Any CPU
		{D0673202-0536-493B-B20F-2AAA3276C020}.Release|Any CPU.Build.0 = Release|Any CPU
		{E8A4E2AC-D1FC-4400-B551-BB058BA2DF27}.Debug|Any CPU.ActiveCfg = Debug|Any CPU
		{E8A4E2AC-D1FC-4400-B551-BB058BA2DF27}.Debug|Any CPU.Build.0 = Debug|Any CPU
		{E8A4E2AC-D1FC-4400-B551-BB058BA2DF27}.Release|Any CPU.ActiveCfg = Release|Any CPU
		{E8A4E2AC-D1FC-4400-B551-BB058BA2DF27}.Release|Any CPU.Build.0 = Release|Any CPU
		{D973182E-D50D-4499-AD77-5C4D1AB3F76A}.Debug|Any CPU.ActiveCfg = Debug|Any CPU
		{D973182E-D50D-4499-AD77-5C4D1AB3F76A}.Debug|Any CPU.Build.0 = Debug|Any CPU
		{D973182E-D50D-4499-AD77-5C4D1AB3F76A}.Release|Any CPU.ActiveCfg = Release|Any CPU
		{D973182E-D50D-4499-AD77-5C4D1AB3F76A}.Release|Any CPU.Build.0 = Release|Any CPU
		{EA0034FC-4900-465F-ABF3-DE5DF1715E48}.Debug|Any CPU.ActiveCfg = Debug|Any CPU
		{EA0034FC-4900-465F-ABF3-DE5DF1715E48}.Debug|Any CPU.Build.0 = Debug|Any CPU
		{EA0034FC-4900-465F-ABF3-DE5DF1715E48}.Release|Any CPU.ActiveCfg = Release|Any CPU
		{EA0034FC-4900-465F-ABF3-DE5DF1715E48}.Release|Any CPU.Build.0 = Release|Any CPU
		{B8DFDC04-6C20-466E-B6C7-865C21590F2F}.Debug|Any CPU.ActiveCfg = Debug|Any CPU
		{B8DFDC04-6C20-466E-B6C7-865C21590F2F}.Debug|Any CPU.Build.0 = Debug|Any CPU
		{B8DFDC04-6C20-466E-B6C7-865C21590F2F}.Release|Any CPU.ActiveCfg = Release|Any CPU
		{B8DFDC04-6C20-466E-B6C7-865C21590F2F}.Release|Any CPU.Build.0 = Release|Any CPU
		{83133000-5E36-4085-BC6D-DF572187D933}.Debug|Any CPU.ActiveCfg = Debug|Any CPU
		{83133000-5E36-4085-BC6D-DF572187D933}.Debug|Any CPU.Build.0 = Debug|Any CPU
		{83133000-5E36-4085-BC6D-DF572187D933}.Release|Any CPU.ActiveCfg = Release|Any CPU
		{83133000-5E36-4085-BC6D-DF572187D933}.Release|Any CPU.Build.0 = Release|Any CPU
		{2833E839-1C9E-4B22-B342-02207FB267D5}.Debug|Any CPU.ActiveCfg = Debug|Any CPU
		{2833E839-1C9E-4B22-B342-02207FB267D5}.Debug|Any CPU.Build.0 = Debug|Any CPU
		{2833E839-1C9E-4B22-B342-02207FB267D5}.Release|Any CPU.ActiveCfg = Release|Any CPU
		{2833E839-1C9E-4B22-B342-02207FB267D5}.Release|Any CPU.Build.0 = Release|Any CPU
		{E390046E-2D68-4484-8679-9746B4FD7F33}.Debug|Any CPU.ActiveCfg = Debug|Any CPU
		{E390046E-2D68-4484-8679-9746B4FD7F33}.Debug|Any CPU.Build.0 = Debug|Any CPU
		{E390046E-2D68-4484-8679-9746B4FD7F33}.Release|Any CPU.ActiveCfg = Release|Any CPU
		{E390046E-2D68-4484-8679-9746B4FD7F33}.Release|Any CPU.Build.0 = Release|Any CPU
		{2F212D11-F204-4685-9DD4-56B6EC617FB1}.Debug|Any CPU.ActiveCfg = Debug|Any CPU
		{2F212D11-F204-4685-9DD4-56B6EC617FB1}.Debug|Any CPU.Build.0 = Debug|Any CPU
		{2F212D11-F204-4685-9DD4-56B6EC617FB1}.Release|Any CPU.ActiveCfg = Release|Any CPU
		{2F212D11-F204-4685-9DD4-56B6EC617FB1}.Release|Any CPU.Build.0 = Release|Any CPU
	EndGlobalSection
	GlobalSection(SolutionProperties) = preSolution
		HideSolutionNode = FALSE
	EndGlobalSection
	GlobalSection(NestedProjects) = preSolution
		{6CB0CBC7-9A83-4461-87CB-4BE6613E638D} = {23FEEFEA-1B06-413C-AC87-196DDB2A6AC5}
		{F99E3D1B-25E0-4356-BBC4-E593745517D3} = {D3823457-1CE1-4909-893C-659C8B630CD1}
		{DE7E0A72-8A48-4CA6-8CBC-3A4E9D698976} = {434CCF9A-53A2-4619-8771-4D9A28D23401}
		{8BB6ABE4-FE5C-42C8-9F72-37DF6874A625} = {434CCF9A-53A2-4619-8771-4D9A28D23401}
		{0F7E821D-A286-4F3E-A6BE-6CE01243D7EF} = {434CCF9A-53A2-4619-8771-4D9A28D23401}
		{8EF1BB0D-EBDE-494E-A662-F7AE9CB1930F} = {E4E8D006-E40A-4ADC-81AB-2D9FC4BC2942}
		{1CCC0A27-25C3-4C55-B392-DEC0E90531BE} = {E4E8D006-E40A-4ADC-81AB-2D9FC4BC2942}
		{0D021D32-967F-43D8-8E60-D89A1522A937} = {E4E8D006-E40A-4ADC-81AB-2D9FC4BC2942}
		{D0673202-0536-493B-B20F-2AAA3276C020} = {08D7302B-B35F-456D-B180-78FA46C9A812}
		{E8A4E2AC-D1FC-4400-B551-BB058BA2DF27} = {08D7302B-B35F-456D-B180-78FA46C9A812}
		{D973182E-D50D-4499-AD77-5C4D1AB3F76A} = {08D7302B-B35F-456D-B180-78FA46C9A812}
		{EA0034FC-4900-465F-ABF3-DE5DF1715E48} = {48C5C9F5-24C0-4404-8299-27E00D623874}
		{B8DFDC04-6C20-466E-B6C7-865C21590F2F} = {48C5C9F5-24C0-4404-8299-27E00D623874}
		{83133000-5E36-4085-BC6D-DF572187D933} = {48C5C9F5-24C0-4404-8299-27E00D623874}
		{2833E839-1C9E-4B22-B342-02207FB267D5} = {F0E0E5CE-82C2-4BE0-924D-825AC18FD1CE}
		{E390046E-2D68-4484-8679-9746B4FD7F33} = {F0E0E5CE-82C2-4BE0-924D-825AC18FD1CE}
		{2F212D11-F204-4685-9DD4-56B6EC617FB1} = {F0E0E5CE-82C2-4BE0-924D-825AC18FD1CE}
	EndGlobalSection
	GlobalSection(ExtensibilityGlobals) = postSolution
		SolutionGuid = {BA0B7640-C738-4E4D-AF84-077D5ECEB343}
	EndGlobalSection
EndGlobal
