
Microsoft Visual Studio Solution File, Format Version 12.00
# Visual Studio Version 16
VisualStudioVersion = 16.0.34031.81
MinimumVisualStudioVersion = 10.0.40219.1
Project("{2150E333-8FDC-42A3-9474-1A3956D46DE8}") = "Task0", "Task0", "{23FEEFEA-1B06-413C-AC87-196DDB2A6AC5}"
EndProject
Project("{FAE04EC0-301F-11D3-BF4B-00C04F79EFBC}") = "Tyuiu.GoginMA.Sprint0.Task0.V0", "Tyuiu.GoginMA.Sprint0.Task0.V0\Tyuiu.GoginMA.Sprint0.Task0.V0.csproj", "{6CB0CBC7-9A83-4461-87CB-4BE6613E638D}"
EndProject
Global
	GlobalSection(SolutionConfigurationPlatforms) = preSolution
		Debug|Any CPU = Debug|Any CPU
		Release|Any CPU = Release|Any CPU
	EndGlobalSection
	GlobalSection(ProjectConfigurationPlatforms) = postSolution
		{6CB0CBC7-9A83-4461-87CB-4BE6613E638D}.Debug|Any CPU.ActiveCfg = Debug|Any CPU
		{6CB0CBC7-9A83-4461-87CB-4BE6613E638D}.Debug|Any CPU.Build.0 = Debug|Any CPU
		{6CB0CBC7-9A83-4461-87CB-4BE6613E638D}.Release|Any CPU.ActiveCfg = Release|Any CPU
		{6CB0CBC7-9A83-4461-87CB-4BE6613E638D}.Release|Any CPU.Build.0 = Release|Any CPU
	EndGlobalSection
	GlobalSection(SolutionProperties) = preSolution
		HideSolutionNode = FALSE
	EndGlobalSection
	GlobalSection(NestedProjects) = preSolution
		{6CB0CBC7-9A83-4461-87CB-4BE6613E638D} = {23FEEFEA-1B06-413C-AC87-196DDB2A6AC5}
	EndGlobalSection
	GlobalSection(ExtensibilityGlobals) = postSolution
		SolutionGuid = {BA0B7640-C738-4E4D-AF84-077D5ECEB343}
	EndGlobalSection
EndGlobal
